<?xml version="1.0" encoding="utf-8"?>
<Project ToolsVersion="4.0" xmlns="http://schemas.microsoft.com/developer/msbuild/2003">
  <ItemGroup>
    <Filter Include="Source Files">
      <UniqueIdentifier>{4FC737F1-C7A5-4376-A066-2A32D752A2FF}</UniqueIdentifier>
      <Extensions>cpp;c;cc;cxx;def;odl;idl;hpj;bat;asm;asmx</Extensions>
    </Filter>
    <Filter Include="Header Files">
      <UniqueIdentifier>{93995380-89BD-4b04-88EB-625FBE52EBFB}</UniqueIdentifier>
      <Extensions>h;hh;hpp;hxx;hm;inl;inc;ipp;xsd</Extensions>
    </Filter>
    <Filter Include="Resource Files">
      <UniqueIdentifier>{67DA6AB6-F800-4c08-8B7A-83BB121AAD01}</UniqueIdentifier>
      <Extensions>rc;ico;cur;bmp;dlg;rc2;rct;bin;rgs;gif;jpg;jpeg;jpe;resx;tiff;tif;png;wav;mfcribbon-ms</Extensions>
    </Filter>
    <Filter Include="Header Files\parsers">
      <UniqueIdentifier>{cc10e0f1-3f96-4a4c-b2f3-a1c0fdca2b8b}</UniqueIdentifier>
    </Filter>
    <Filter Include="Header Files\io">
      <UniqueIdentifier>{f777eda5-1aa6-4e66-a367-78b597fca942}</UniqueIdentifier>
    </Filter>
    <Filter Include="Header Files\filters">
      <UniqueIdentifier>{5d4471ac-7747-4dd1-8963-79d0287e2559}</UniqueIdentifier>
    </Filter>
    <Filter Include="Header Files\data">
      <UniqueIdentifier>{728916e5-061c-4c8b-8754-8463836c0381}</UniqueIdentifier>
    </Filter>
    <Filter Include="Source Files\io">
      <UniqueIdentifier>{87799bda-676f-44f3-9d34-e9e1c4b086e8}</UniqueIdentifier>
    </Filter>
    <Filter Include="Source Files\parsers">
      <UniqueIdentifier>{69e49673-e1eb-4ebf-afbc-e6c5bdb2b3ec}</UniqueIdentifier>
    </Filter>
    <Filter Include="Source Files\filters">
      <UniqueIdentifier>{d6288895-3d67-4f9a-96d8-11d4c111faac}</UniqueIdentifier>
    </Filter>
    <Filter Include="Header Files\utility">
      <UniqueIdentifier>{ebc63daf-6639-412b-af50-54c1f9eeefb4}</UniqueIdentifier>
    </Filter>
    <Filter Include="Source Files\utility">
      <UniqueIdentifier>{33bf6ae5-1843-4b7a-b0d3-9921eb79b8e0}</UniqueIdentifier>
    </Filter>
    <Filter Include="Resource Files\tests">
      <UniqueIdentifier>{36e72ff8-d4ac-44df-90c8-d8f70cad4dd3}</UniqueIdentifier>
    </Filter>
  </ItemGroup>
  <ItemGroup>
    <ClCompile Include="main.cpp">
      <Filter>Source Files</Filter>
    </ClCompile>
    <ClCompile Include="file_parser.cpp">
      <Filter>Source Files\parsers</Filter>
    </ClCompile>
    <ClCompile Include="word_parser.cpp">
      <Filter>Source Files\parsers</Filter>
    </ClCompile>
    <ClCompile Include="parse_result_writer.cpp">
      <Filter>Source Files\io</Filter>
    </ClCompile>
    <ClCompile Include="reserved_words_dictionary.cpp">
      <Filter>Source Files\filters</Filter>
    </ClCompile>
    <ClCompile Include="word_filter.cpp">
      <Filter>Source Files\filters</Filter>
    </ClCompile>
    <ClCompile Include="char_utility.cpp">
      <Filter>Source Files\utility</Filter>
    </ClCompile>
  </ItemGroup>
  <ItemGroup>
    <ClInclude Include="file_parser.h">
      <Filter>Header Files\parsers</Filter>
    </ClInclude>
    <ClInclude Include="word_parser.h">
      <Filter>Header Files\parsers</Filter>
    </ClInclude>
    <ClInclude Include="parse_result.h">
      <Filter>Header Files\data</Filter>
    </ClInclude>
    <ClInclude Include="parse_result_writer.h">
      <Filter>Header Files\io</Filter>
    </ClInclude>
    <ClInclude Include="reserved_words_dictionary.h">
      <Filter>Header Files\filters</Filter>
    </ClInclude>
    <ClInclude Include="word_filter.h">
      <Filter>Header Files\filters</Filter>
    </ClInclude>
    <ClInclude Include="io_exception.h">
      <Filter>Header Files\io</Filter>
    </ClInclude>
    <ClInclude Include="invalid_syntax_exception.h">
      <Filter>Header Files\parsers</Filter>
    </ClInclude>
    <ClInclude Include="char_utility.h">
      <Filter>Header Files\utility</Filter>
    </ClInclude>
  </ItemGroup>
  <ItemGroup>
    <Text Include="input.txt">
      <Filter>Resource Files</Filter>
    </Text>
    <Text Include="output.txt">
      <Filter>Resource Files</Filter>
    </Text>
    <Text Include="tests\assignment.txt">
      <Filter>Resource Files\tests</Filter>
    </Text>
    <Text Include="tests\assignment_with_initializer_list.txt">
      <Filter>Resource Files\tests</Filter>
    </Text>
    <Text Include="tests\class1.txt">
      <Filter>Resource Files\tests</Filter>
    </Text>
    <Text Include="tests\define_directives.txt">
      <Filter>Resource Files\tests</Filter>
    </Text>
    <Text Include="tests\empty_main_function.txt">
      <Filter>Resource Files\tests</Filter>
    </Text>
    <Text Include="tests\for_each_loop.txt">
      <Filter>Resource Files\tests</Filter>
    </Text>
    <Text Include="tests\for_each_loop2.txt">
      <Filter>Resource Files\tests</Filter>
    </Text>
    <Text Include="tests\for_loop.txt">
      <Filter>Resource Files\tests</Filter>
    </Text>
    <Text Include="tests\for_loop2.txt">
      <Filter>Resource Files\tests</Filter>
    </Text>
    <Text Include="tests\function_call.txt">
      <Filter>Resource Files\tests</Filter>
    </Text>
    <Text Include="tests\function_with_arguments.txt">
      <Filter>Resource Files\tests</Filter>
    </Text>
    <Text Include="tests\function1.txt">
      <Filter>Resource Files\tests</Filter>
    </Text>
    <Text Include="tests\if_block.txt">
      <Filter>Resource Files\tests</Filter>
    </Text>
    <Text Include="tests\if_block_complex.txt">
      <Filter>Resource Files\tests</Filter>
    </Text>
    <Text Include="tests\if_block_nested.txt">
      <Filter>Resource Files\tests</Filter>
    </Text>
    <Text Include="tests\if_block2.txt">
      <Filter>Resource Files\tests</Filter>
    </Text>
    <Text Include="tests\if_else_block.txt">
      <Filter>Resource Files\tests</Filter>
    </Text>
    <Text Include="tests\if_else_block2.txt">
      <Filter>Resource Files\tests</Filter>
    </Text>
    <Text Include="tests\large_content1.txt">
      <Filter>Resource Files\tests</Filter>
    </Text>
    <Text Include="tests\long_names.txt">
      <Filter>Resource Files\tests</Filter>
    </Text>
    <Text Include="tests\main_function_with_return.txt">
      <Filter>Resource Files\tests</Filter>
    </Text>
    <Text Include="tests\main_function_with_variable_return.txt">
      <Filter>Resource Files\tests</Filter>
    </Text>
    <Text Include="tests\math_expression.txt">
      <Filter>Resource Files\tests</Filter>
    </Text>
    <Text Include="tests\multiline_comment.txt">
      <Filter>Resource Files\tests</Filter>
    </Text>
    <Text Include="tests\multiline_comment2.txt">
      <Filter>Resource Files\tests</Filter>
    </Text>
    <Text Include="tests\multiple_variable_initialization.txt">
      <Filter>Resource Files\tests</Filter>
    </Text>
    <Text Include="tests\nested_function_calls.txt">
      <Filter>Resource Files\tests</Filter>
    </Text>
    <Text Include="tests\single_line_comment.txt">
      <Filter>Resource Files\tests</Filter>
    </Text>
    <Text Include="tests\string_initialization.txt">
      <Filter>Resource Files\tests</Filter>
    </Text>
    <Text Include="tests\system_include_directives.txt">
      <Filter>Resource Files\tests</Filter>
    </Text>
    <Text Include="tests\tabs.txt">
      <Filter>Resource Files\tests</Filter>
    </Text>
    <Text Include="tests\template_function_declaration.txt">
      <Filter>Resource Files\tests</Filter>
    </Text>
    <Text Include="tests\template_function_instantiation.txt">
      <Filter>Resource Files\tests</Filter>
    </Text>
    <Text Include="tests\template_object_creation.txt">
      <Filter>Resource Files\tests</Filter>
    </Text>
    <Text Include="tests\template_type_declaration.txt">
      <Filter>Resource Files\tests</Filter>
    </Text>
    <Text Include="tests\template_type_instantiation.txt">
      <Filter>Resource Files\tests</Filter>
    </Text>
    <Text Include="tests\two_ternary_operators.txt">
      <Filter>Resource Files\tests</Filter>
    </Text>
    <Text Include="tests\two_ternary_operators2.txt">
      <Filter>Resource Files\tests</Filter>
    </Text>
    <Text Include="tests\user_include_directives.txt">
      <Filter>Resource Files\tests</Filter>
    </Text>
    <Text Include="tests\while_loop.txt">
      <Filter>Resource Files\tests</Filter>
    </Text>
    <Text Include="tests\while_loop2.txt">
      <Filter>Resource Files\tests</Filter>
    </Text>
  </ItemGroup>
</Project>