<?xml version="1.0" encoding="utf-8"?>
<Project ToolsVersion="4.0" xmlns="http://schemas.microsoft.com/developer/msbuild/2003">
  <ItemGroup>
    <Filter Include="Source Files">
      <UniqueIdentifier>{4FC737F1-C7A5-4376-A066-2A32D752A2FF}</UniqueIdentifier>
      <Extensions>cpp;c;cc;cxx;def;odl;idl;hpj;bat;asm;asmx</Extensions>
    </Filter>
    <Filter Include="Header Files">
      <UniqueIdentifier>{93995380-89BD-4b04-88EB-625FBE52EBFB}</UniqueIdentifier>
      <Extensions>h;hh;hpp;hxx;hm;inl;inc;ipp;xsd</Extensions>
    </Filter>
    <Filter Include="Resource Files">
      <UniqueIdentifier>{67DA6AB6-F800-4c08-8B7A-83BB121AAD01}</UniqueIdentifier>
      <Extensions>rc;ico;cur;bmp;dlg;rc2;rct;bin;rgs;gif;jpg;jpeg;jpe;resx;tiff;tif;png;wav;mfcribbon-ms</Extensions>
    </Filter>
    <Filter Include="Resource Files\examples">
      <UniqueIdentifier>{3c0d1ac3-2e00-4d40-85c0-fdb4ac25d610}</UniqueIdentifier>
    </Filter>
  </ItemGroup>
  <ItemGroup>
    <ClCompile Include="user_defined_identifiers_tests.cpp">
      <Filter>Source Files</Filter>
    </ClCompile>
  </ItemGroup>
  <ItemGroup>
    <Text Include="examples\test1.txt">
      <Filter>Resource Files\examples</Filter>
    </Text>
    <Text Include="examples\test2.txt">
      <Filter>Resource Files\examples</Filter>
    </Text>
    <Text Include="examples\test3.txt">
      <Filter>Resource Files\examples</Filter>
    </Text>
    <Text Include="examples\test4.txt">
      <Filter>Resource Files\examples</Filter>
    </Text>
    <Text Include="examples\test5.txt">
      <Filter>Resource Files\examples</Filter>
    </Text>
    <Text Include="examples\test6.txt">
      <Filter>Resource Files\examples</Filter>
    </Text>
    <Text Include="examples\test7.txt">
      <Filter>Resource Files\examples</Filter>
    </Text>
    <Text Include="examples\test8.txt">
      <Filter>Resource Files\examples</Filter>
    </Text>
    <Text Include="examples\test9.txt">
      <Filter>Resource Files\examples</Filter>
    </Text>
    <Text Include="examples\test10.txt">
      <Filter>Resource Files\examples</Filter>
    </Text>
    <Text Include="examples\test11.txt">
      <Filter>Resource Files\examples</Filter>
    </Text>
    <Text Include="examples\test12.txt">
      <Filter>Resource Files\examples</Filter>
    </Text>
    <Text Include="examples\test13.txt">
      <Filter>Resource Files\examples</Filter>
    </Text>
    <Text Include="examples\test14.txt">
      <Filter>Resource Files\examples</Filter>
    </Text>
    <Text Include="examples\test15.txt">
      <Filter>Resource Files\examples</Filter>
    </Text>
    <Text Include="examples\test16.txt">
      <Filter>Resource Files\examples</Filter>
    </Text>
    <Text Include="examples\test17.txt">
      <Filter>Resource Files\examples</Filter>
    </Text>
    <Text Include="examples\test18.txt">
      <Filter>Resource Files\examples</Filter>
    </Text>
    <Text Include="examples\test19.txt">
      <Filter>Resource Files\examples</Filter>
    </Text>
    <Text Include="examples\test20.txt">
      <Filter>Resource Files\examples</Filter>
    </Text>
    <Text Include="examples\test21.txt">
      <Filter>Resource Files\examples</Filter>
    </Text>
    <Text Include="examples\test22.txt">
      <Filter>Resource Files\examples</Filter>
    </Text>
    <Text Include="examples\test23.txt">
      <Filter>Resource Files\examples</Filter>
    </Text>
    <Text Include="examples\test24.txt">
      <Filter>Resource Files\examples</Filter>
    </Text>
    <Text Include="examples\test25.txt">
      <Filter>Resource Files\examples</Filter>
    </Text>
    <Text Include="examples\test26.txt">
      <Filter>Resource Files\examples</Filter>
    </Text>
    <Text Include="examples\test27.txt">
      <Filter>Resource Files\examples</Filter>
    </Text>
    <Text Include="examples\test28.txt">
      <Filter>Resource Files\examples</Filter>
    </Text>
    <Text Include="examples\test29.txt">
      <Filter>Resource Files\examples</Filter>
    </Text>
    <Text Include="examples\test30.txt">
      <Filter>Resource Files\examples</Filter>
    </Text>
  </ItemGroup>
</Project>