<?xml version="1.0" encoding="utf-8"?>
<Project ToolsVersion="4.0" xmlns="http://schemas.microsoft.com/developer/msbuild/2003">
  <ItemGroup>
    <Filter Include="Source Files">
      <UniqueIdentifier>{4FC737F1-C7A5-4376-A066-2A32D752A2FF}</UniqueIdentifier>
      <Extensions>cpp;c;cc;cxx;def;odl;idl;hpj;bat;asm;asmx</Extensions>
    </Filter>
    <Filter Include="Header Files">
      <UniqueIdentifier>{93995380-89BD-4b04-88EB-625FBE52EBFB}</UniqueIdentifier>
      <Extensions>h;hh;hpp;hxx;hm;inl;inc;ipp;xsd</Extensions>
    </Filter>
    <Filter Include="Resource Files">
      <UniqueIdentifier>{67DA6AB6-F800-4c08-8B7A-83BB121AAD01}</UniqueIdentifier>
      <Extensions>rc;ico;cur;bmp;dlg;rc2;rct;bin;rgs;gif;jpg;jpeg;jpe;resx;tiff;tif;png;wav;mfcribbon-ms</Extensions>
    </Filter>
    <Filter Include="Resource Files\examples">
      <UniqueIdentifier>{3c0d1ac3-2e00-4d40-85c0-fdb4ac25d610}</UniqueIdentifier>
    </Filter>
  </ItemGroup>
  <ItemGroup>
    <Text Include="examples\assignment.txt">
      <Filter>Resource Files\examples</Filter>
    </Text>
    <Text Include="examples\assignment_with_initializer_list.txt">
      <Filter>Resource Files\examples</Filter>
    </Text>
    <Text Include="examples\multiple_variable_initialization.txt">
      <Filter>Resource Files\examples</Filter>
    </Text>
    <Text Include="examples\function_call.txt">
      <Filter>Resource Files\examples</Filter>
    </Text>
    <Text Include="examples\string_initialization.txt">
      <Filter>Resource Files\examples</Filter>
    </Text>
    <Text Include="examples\single_line_comment.txt">
      <Filter>Resource Files\examples</Filter>
    </Text>
    <Text Include="examples\multiline_comment.txt">
      <Filter>Resource Files\examples</Filter>
    </Text>
    <Text Include="examples\multiline_comment2.txt">
      <Filter>Resource Files\examples</Filter>
    </Text>
    <Text Include="examples\tabs.txt">
      <Filter>Resource Files\examples</Filter>
    </Text>
    <Text Include="examples\empty_main_function.txt">
      <Filter>Resource Files\examples</Filter>
    </Text>
    <Text Include="examples\main_function_with_return.txt">
      <Filter>Resource Files\examples</Filter>
    </Text>
    <Text Include="examples\main_function_with_variable_return.txt">
      <Filter>Resource Files\examples</Filter>
    </Text>
    <Text Include="examples\function_with_arguments.txt">
      <Filter>Resource Files\examples</Filter>
    </Text>
    <Text Include="examples\function1.txt">
      <Filter>Resource Files\examples</Filter>
    </Text>
    <Text Include="examples\system_include_directives.txt">
      <Filter>Resource Files\examples</Filter>
    </Text>
    <Text Include="examples\user_include_directives.txt">
      <Filter>Resource Files\examples</Filter>
    </Text>
    <Text Include="examples\define_directives.txt">
      <Filter>Resource Files\examples</Filter>
    </Text>
    <Text Include="examples\for_loop.txt">
      <Filter>Resource Files\examples</Filter>
    </Text>
    <Text Include="examples\for_loop2.txt">
      <Filter>Resource Files\examples</Filter>
    </Text>
    <Text Include="examples\for_each_loop.txt">
      <Filter>Resource Files\examples</Filter>
    </Text>
    <Text Include="examples\for_each_loop2.txt">
      <Filter>Resource Files\examples</Filter>
    </Text>
    <Text Include="examples\while_loop.txt">
      <Filter>Resource Files\examples</Filter>
    </Text>
    <Text Include="examples\while_loop2.txt">
      <Filter>Resource Files\examples</Filter>
    </Text>
    <Text Include="examples\if_block.txt">
      <Filter>Resource Files\examples</Filter>
    </Text>
    <Text Include="examples\if_block2.txt">
      <Filter>Resource Files\examples</Filter>
    </Text>
    <Text Include="examples\if_block_complex.txt">
      <Filter>Resource Files\examples</Filter>
    </Text>
    <Text Include="examples\if_block_nested.txt">
      <Filter>Resource Files\examples</Filter>
    </Text>
    <Text Include="examples\if_else_block.txt">
      <Filter>Resource Files\examples</Filter>
    </Text>
    <Text Include="examples\if_else_block2.txt">
      <Filter>Resource Files\examples</Filter>
    </Text>
    <Text Include="examples\two_ternary_operators.txt">
      <Filter>Resource Files\examples</Filter>
    </Text>
    <Text Include="examples\two_ternary_operators2.txt">
      <Filter>Resource Files\examples</Filter>
    </Text>
    <Text Include="examples\math_expression.txt">
      <Filter>Resource Files\examples</Filter>
    </Text>
    <Text Include="examples\nested_function_calls.txt">
      <Filter>Resource Files\examples</Filter>
    </Text>
    <Text Include="examples\template_type_instantiation.txt">
      <Filter>Resource Files\examples</Filter>
    </Text>
    <Text Include="examples\template_function_instantiation.txt">
      <Filter>Resource Files\examples</Filter>
    </Text>
    <Text Include="examples\template_object_creation.txt">
      <Filter>Resource Files\examples</Filter>
    </Text>
    <Text Include="examples\template_type_declaration.txt">
      <Filter>Resource Files\examples</Filter>
    </Text>
    <Text Include="examples\template_function_declaration.txt">
      <Filter>Resource Files\examples</Filter>
    </Text>
    <Text Include="examples\class1.txt">
      <Filter>Resource Files\examples</Filter>
    </Text>
    <Text Include="examples\long_names.txt">
      <Filter>Resource Files\examples</Filter>
    </Text>
  </ItemGroup>
  <ItemGroup>
    <ClCompile Include="file_parser_tests.cpp">
      <Filter>Source Files</Filter>
    </ClCompile>
  </ItemGroup>
</Project>